
Microsoft Visual Studio Solution File, Format Version 12.00
# Visual Studio 15
VisualStudioVersion = 15.0.28307.1231
MinimumVisualStudioVersion = 10.0.40219.1
Project("{FAE04EC0-301F-11D3-BF4B-00C04F79EFBC}") = "Organization", "Organization\Organization.csproj", "{B738ECC1-37E3-4E81-BB1C-AE782CE48480}"
EndProject
Global
	GlobalSection(SolutionConfigurationPlatforms) = preSolution
		Debug|Any CPU = Debug|Any CPU
		Release|Any CPU = Release|Any CPU
	EndGlobalSection
	GlobalSection(ProjectConfigurationPlatforms) = postSolution
		{B738ECC1-37E3-4E81-BB1C-AE782CE48480}.Debug|Any CPU.ActiveCfg = Debug|Any CPU
		{B738ECC1-37E3-4E81-BB1C-AE782CE48480}.Debug|Any CPU.Build.0 = Debug|Any CPU
		{B738ECC1-37E3-4E81-BB1C-AE782CE48480}.Release|Any CPU.ActiveCfg = Release|Any CPU
		{B738ECC1-37E3-4E81-BB1C-AE782CE48480}.Release|Any CPU.Build.0 = Release|Any CPU
	EndGlobalSection
	GlobalSection(SolutionProperties) = preSolution
		HideSolutionNode = FALSE
	EndGlobalSection
	GlobalSection(ExtensibilityGlobals) = postSolution
		SolutionGuid = {25147C8C-8930-4CDA-A9B8-5AD38B157F42}
	EndGlobalSection
EndGlobal
